
Microsoft Visual Studio Solution File, Format Version 12.00
Project("{FAE04EC0-301F-11D3-BF4B-00C04F79EFBC}") = "Net60Project", "AnalyzedSolution\Net60Project\Net60Project.csproj", "{A3465482-E5B2-4E4A-9D53-B6F79054808E}"
EndProject
Project("{FAE04EC0-301F-11D3-BF4B-00C04F79EFBC}") = "Net70Runner", "Net70Runner\Net70Runner.csproj", "{51832FF4-6022-43F1-BA0E-DD995CB2B048}"
EndProject
Project("{2150E333-8FDC-42A3-9474-1A3956D46DE8}") = "AnalyzedSolution", "AnalyzedSolution", "{0147C105-BF64-490E-A3DA-54B432A1AF28}"
EndProject
Project("{FAE04EC0-301F-11D3-BF4B-00C04F79EFBC}") = "Net70Project", "AnalyzedSolution\Net70Project\Net70Project.csproj", "{148FB8DF-ECB4-437E-BBC2-45FF3FEF942B}"
EndProject
Project("{FAE04EC0-301F-11D3-BF4B-00C04F79EFBC}") = "Analyzer", "Analyzer\Analyzer.csproj", "{0F9EE135-B493-4BEE-983F-BE7A2DF03153}"
EndProject
Project("{FAE04EC0-301F-11D3-BF4B-00C04F79EFBC}") = "Net60WebApplication", "AnalyzedSolution\Net60WebApplication\Net60WebApplication.csproj", "{536D26B6-4453-48B5-A555-4A5E0DA9A7E0}"
EndProject
Project("{FAE04EC0-301F-11D3-BF4B-00C04F79EFBC}") = "Net70WebApplication", "AnalyzedSolution\Net70WebApplication\Net70WebApplication.csproj", "{E0241C8E-0499-49BC-A67A-91FE01184DAB}"
EndProject
Project("{FAE04EC0-301F-11D3-BF4B-00C04F79EFBC}") = "Net60Runner", "Net60Runner\Net60Runner.csproj", "{74F418C4-9C8D-4A1B-BDFF-7D12E08C0943}"
EndProject
Global
	GlobalSection(SolutionConfigurationPlatforms) = preSolution
		Debug|Any CPU = Debug|Any CPU
		Release|Any CPU = Release|Any CPU
	EndGlobalSection
	GlobalSection(ProjectConfigurationPlatforms) = postSolution
		{A3465482-E5B2-4E4A-9D53-B6F79054808E}.Debug|Any CPU.ActiveCfg = Debug|Any CPU
		{A3465482-E5B2-4E4A-9D53-B6F79054808E}.Debug|Any CPU.Build.0 = Debug|Any CPU
		{A3465482-E5B2-4E4A-9D53-B6F79054808E}.Release|Any CPU.ActiveCfg = Release|Any CPU
		{A3465482-E5B2-4E4A-9D53-B6F79054808E}.Release|Any CPU.Build.0 = Release|Any CPU
		{51832FF4-6022-43F1-BA0E-DD995CB2B048}.Debug|Any CPU.ActiveCfg = Debug|Any CPU
		{51832FF4-6022-43F1-BA0E-DD995CB2B048}.Debug|Any CPU.Build.0 = Debug|Any CPU
		{51832FF4-6022-43F1-BA0E-DD995CB2B048}.Release|Any CPU.ActiveCfg = Release|Any CPU
		{51832FF4-6022-43F1-BA0E-DD995CB2B048}.Release|Any CPU.Build.0 = Release|Any CPU
		{148FB8DF-ECB4-437E-BBC2-45FF3FEF942B}.Debug|Any CPU.ActiveCfg = Debug|Any CPU
		{148FB8DF-ECB4-437E-BBC2-45FF3FEF942B}.Debug|Any CPU.Build.0 = Debug|Any CPU
		{148FB8DF-ECB4-437E-BBC2-45FF3FEF942B}.Release|Any CPU.ActiveCfg = Release|Any CPU
		{148FB8DF-ECB4-437E-BBC2-45FF3FEF942B}.Release|Any CPU.Build.0 = Release|Any CPU
		{0F9EE135-B493-4BEE-983F-BE7A2DF03153}.Debug|Any CPU.ActiveCfg = Debug|Any CPU
		{0F9EE135-B493-4BEE-983F-BE7A2DF03153}.Debug|Any CPU.Build.0 = Debug|Any CPU
		{0F9EE135-B493-4BEE-983F-BE7A2DF03153}.Release|Any CPU.ActiveCfg = Release|Any CPU
		{0F9EE135-B493-4BEE-983F-BE7A2DF03153}.Release|Any CPU.Build.0 = Release|Any CPU
		{536D26B6-4453-48B5-A555-4A5E0DA9A7E0}.Debug|Any CPU.ActiveCfg = Debug|Any CPU
		{536D26B6-4453-48B5-A555-4A5E0DA9A7E0}.Debug|Any CPU.Build.0 = Debug|Any CPU
		{536D26B6-4453-48B5-A555-4A5E0DA9A7E0}.Release|Any CPU.ActiveCfg = Release|Any CPU
		{536D26B6-4453-48B5-A555-4A5E0DA9A7E0}.Release|Any CPU.Build.0 = Release|Any CPU
		{E0241C8E-0499-49BC-A67A-91FE01184DAB}.Debug|Any CPU.ActiveCfg = Debug|Any CPU
		{E0241C8E-0499-49BC-A67A-91FE01184DAB}.Debug|Any CPU.Build.0 = Debug|Any CPU
		{E0241C8E-0499-49BC-A67A-91FE01184DAB}.Release|Any CPU.ActiveCfg = Release|Any CPU
		{E0241C8E-0499-49BC-A67A-91FE01184DAB}.Release|Any CPU.Build.0 = Release|Any CPU
		{74F418C4-9C8D-4A1B-BDFF-7D12E08C0943}.Debug|Any CPU.ActiveCfg = Debug|Any CPU
		{74F418C4-9C8D-4A1B-BDFF-7D12E08C0943}.Debug|Any CPU.Build.0 = Debug|Any CPU
		{74F418C4-9C8D-4A1B-BDFF-7D12E08C0943}.Release|Any CPU.ActiveCfg = Release|Any CPU
		{74F418C4-9C8D-4A1B-BDFF-7D12E08C0943}.Release|Any CPU.Build.0 = Release|Any CPU
	EndGlobalSection
	GlobalSection(NestedProjects) = preSolution
		{A3465482-E5B2-4E4A-9D53-B6F79054808E} = {0147C105-BF64-490E-A3DA-54B432A1AF28}
		{148FB8DF-ECB4-437E-BBC2-45FF3FEF942B} = {0147C105-BF64-490E-A3DA-54B432A1AF28}
		{536D26B6-4453-48B5-A555-4A5E0DA9A7E0} = {0147C105-BF64-490E-A3DA-54B432A1AF28}
		{E0241C8E-0499-49BC-A67A-91FE01184DAB} = {0147C105-BF64-490E-A3DA-54B432A1AF28}
	EndGlobalSection
EndGlobal
